
Microsoft Visual Studio Solution File, Format Version 12.00
# Visual Studio 15
VisualStudioVersion = 15.0.28307.705
MinimumVisualStudioVersion = 10.0.40219.1
Project("{FAE04EC0-301F-11D3-BF4B-00C04F79EFBC}") = "RedBook", "RedBook\RedBook.csproj", "{5BD4D2C7-44B5-4A71-8C64-9688D66C5DDD}"
EndProject
Global
	GlobalSection(SolutionConfigurationPlatforms) = preSolution
		Debug|Any CPU = Debug|Any CPU
		Release|Any CPU = Release|Any CPU
	EndGlobalSection
	GlobalSection(ProjectConfigurationPlatforms) = postSolution
		{5BD4D2C7-44B5-4A71-8C64-9688D66C5DDD}.Debug|Any CPU.ActiveCfg = Debug|Any CPU
		{5BD4D2C7-44B5-4A71-8C64-9688D66C5DDD}.Debug|Any CPU.Build.0 = Debug|Any CPU
		{5BD4D2C7-44B5-4A71-8C64-9688D66C5DDD}.Release|Any CPU.ActiveCfg = Release|Any CPU
		{5BD4D2C7-44B5-4A71-8C64-9688D66C5DDD}.Release|Any CPU.Build.0 = Release|Any CPU
	EndGlobalSection
	GlobalSection(SolutionProperties) = preSolution
		HideSolutionNode = FALSE
	EndGlobalSection
	GlobalSection(ExtensibilityGlobals) = postSolution
		SolutionGuid = {16014B30-9CFB-482E-A562-44836616E835}
	EndGlobalSection
EndGlobal
